{
  "requires": true,
  "lockfileVersion": 1,
  "dependencies": {
    "babel-plugin-lightscript": {
      "version": "0.5.9",
      "resolved": "https://registry.npmjs.org/babel-plugin-lightscript/-/babel-plugin-lightscript-0.5.9.tgz",
      "integrity": "sha512-igCj5LON90CooaCS/7sT8yjc+jjy5H4K7+T37QKpJuZVAiDqF+tctVuupMm/E5mJaMrFtLl8VN76HRJ9SDyiwQ==",
      "requires": {
        "babylon-lightscript": "0.5.9"
      }
    },
    "babylon-lightscript": {
      "version": "0.5.9",
      "resolved": "https://registry.npmjs.org/babylon-lightscript/-/babylon-lightscript-0.5.9.tgz",
      "integrity": "sha512-/lov3jP9VTKqx3oIdwMrYYvqaUrqvUUBMfOjuVeSiZ2OrrunA3DQzjuS1fk/XHy3WWHDDbO9oEZjtaLWJ9UUWA=="
    }
  }
}
